
Microsoft Visual Studio Solution File, Format Version 12.00
# Visual Studio Version 17
VisualStudioVersion = 17.10.35013.160
MinimumVisualStudioVersion = 10.0.40219.1
Project("{FAE04EC0-301F-11D3-BF4B-00C04F79EFBC}") = "QAPDashboard", "QAPDashboard\QAPDashboard.csproj", "{7F7064C1-D9EB-4F0A-A1E5-DC4EBE698131}"
EndProject
Global
	GlobalSection(SolutionConfigurationPlatforms) = preSolution
		Debug|Any CPU = Debug|Any CPU
		Release|Any CPU = Release|Any CPU
	EndGlobalSection
	GlobalSection(ProjectConfigurationPlatforms) = postSolution
		{7F7064C1-D9EB-4F0A-A1E5-DC4EBE698131}.Debug|Any CPU.ActiveCfg = Debug|Any CPU
		{7F7064C1-D9EB-4F0A-A1E5-DC4EBE698131}.Debug|Any CPU.Build.0 = Debug|Any CPU
		{7F7064C1-D9EB-4F0A-A1E5-DC4EBE698131}.Release|Any CPU.ActiveCfg = Release|Any CPU
		{7F7064C1-D9EB-4F0A-A1E5-DC4EBE698131}.Release|Any CPU.Build.0 = Release|Any CPU
	EndGlobalSection
	GlobalSection(SolutionProperties) = preSolution
		HideSolutionNode = FALSE
	EndGlobalSection
	GlobalSection(ExtensibilityGlobals) = postSolution
		SolutionGuid = {8DC1371D-0F38-4512-B3BB-186984E7A60A}
	EndGlobalSection
EndGlobal
